
Microsoft Visual Studio Solution File, Format Version 12.00
# Visual Studio Version 16
VisualStudioVersion = 16.0.31829.152
MinimumVisualStudioVersion = 10.0.40219.1
Project("{9A19103F-16F7-4668-BE54-9A1E7A4F7556}") = "RoomMe.API.Tests", "RoomMe.API.Tests\RoomMe.API.Tests.csproj", "{76594606-41C5-4CB2-A510-1227B0EB08F8}"
EndProject
Project("{9A19103F-16F7-4668-BE54-9A1E7A4F7556}") = "RoomMe.API", "RoomMe.API\RoomMe.API.csproj", "{A2650273-18C6-468B-8985-1D0730D36A43}"
EndProject
Project("{9A19103F-16F7-4668-BE54-9A1E7A4F7556}") = "RoomMe.SQLContext", "RoomMe.SQLContext\RoomMe.SQLContext.csproj", "{B4E7FA3A-E14F-4576-91A3-B076B55F8423}"
EndProject
Global
	GlobalSection(SolutionConfigurationPlatforms) = preSolution
		Debug|Any CPU = Debug|Any CPU
		Release|Any CPU = Release|Any CPU
	EndGlobalSection
	GlobalSection(ProjectConfigurationPlatforms) = postSolution
		{76594606-41C5-4CB2-A510-1227B0EB08F8}.Debug|Any CPU.ActiveCfg = Debug|Any CPU
		{76594606-41C5-4CB2-A510-1227B0EB08F8}.Debug|Any CPU.Build.0 = Debug|Any CPU
		{76594606-41C5-4CB2-A510-1227B0EB08F8}.Release|Any CPU.ActiveCfg = Release|Any CPU
		{76594606-41C5-4CB2-A510-1227B0EB08F8}.Release|Any CPU.Build.0 = Release|Any CPU
		{A2650273-18C6-468B-8985-1D0730D36A43}.Debug|Any CPU.ActiveCfg = Debug|Any CPU
		{A2650273-18C6-468B-8985-1D0730D36A43}.Debug|Any CPU.Build.0 = Debug|Any CPU
		{A2650273-18C6-468B-8985-1D0730D36A43}.Release|Any CPU.ActiveCfg = Release|Any CPU
		{A2650273-18C6-468B-8985-1D0730D36A43}.Release|Any CPU.Build.0 = Release|Any CPU
		{B4E7FA3A-E14F-4576-91A3-B076B55F8423}.Debug|Any CPU.ActiveCfg = Debug|Any CPU
		{B4E7FA3A-E14F-4576-91A3-B076B55F8423}.Debug|Any CPU.Build.0 = Debug|Any CPU
		{B4E7FA3A-E14F-4576-91A3-B076B55F8423}.Release|Any CPU.ActiveCfg = Release|Any CPU
		{B4E7FA3A-E14F-4576-91A3-B076B55F8423}.Release|Any CPU.Build.0 = Release|Any CPU
	EndGlobalSection
	GlobalSection(SolutionProperties) = preSolution
		HideSolutionNode = FALSE
	EndGlobalSection
	GlobalSection(ExtensibilityGlobals) = postSolution
		SolutionGuid = {75FFD298-944F-4619-8610-75AF5742E013}
	EndGlobalSection
EndGlobal
