// !$*UTF8*$!
{
	archiveVersion = 1;
	classes = {
	};
	objectVersion = 55;
	objects = {

/* Begin PBXBuildFile section */
		A3EBA7998B53E54B53560F9D /* Pods_Segue3.framework in Frameworks */ = {isa = PBXBuildFile; fileRef = 18A58EF24CCFFC8F96C53EF4 /* Pods_Segue3.framework */; };
		DD185BEF2732BDB3009ADE8F /* AppDelegate.swift in Sources */ = {isa = PBXBuildFile; fileRef = DD185BEE2732BDB3009ADE8F /* AppDelegate.swift */; };
		DD185BF12732BDB3009ADE8F /* SceneDelegate.swift in Sources */ = {isa = PBXBuildFile; fileRef = DD185BF02732BDB3009ADE8F /* SceneDelegate.swift */; };
		DD185BF32732BDB3009ADE8F /* Screen1ViewController.swift in Sources */ = {isa = PBXBuildFile; fileRef = DD185BF22732BDB3009ADE8F /* Screen1ViewController.swift */; };
		DD185BF62732BDB3009ADE8F /* Main.storyboard in Resources */ = {isa = PBXBuildFile; fileRef = DD185BF42732BDB3009ADE8F /* Main.storyboard */; };
		DD185BF82732BDB4009ADE8F /* Assets.xcassets in Resources */ = {isa = PBXBuildFile; fileRef = DD185BF72732BDB4009ADE8F /* Assets.xcassets */; };
		DD185BFB2732BDB4009ADE8F /* LaunchScreen.storyboard in Resources */ = {isa = PBXBuildFile; fileRef = DD185BF92732BDB4009ADE8F /* LaunchScreen.storyboard */; };
		DD185C032732BEFB009ADE8F /* Screen2ViewController.swift in Sources */ = {isa = PBXBuildFile; fileRef = DD185C022732BEFB009ADE8F /* Screen2ViewController.swift */; };
		DD185C052732C0DD009ADE8F /* MyNavigationController.swift in Sources */ = {isa = PBXBuildFile; fileRef = DD185C042732C0DD009ADE8F /* MyNavigationController.swift */; };
		DF0894CA27987DB80004E258 /* MenuViewController.swift in Sources */ = {isa = PBXBuildFile; fileRef = DF0894C927987DB80004E258 /* MenuViewController.swift */; };
/* End PBXBuildFile section */

/* Begin PBXFileReference section */
		18A58EF24CCFFC8F96C53EF4 /* Pods_Segue3.framework */ = {isa = PBXFileReference; explicitFileType = wrapper.framework; includeInIndex = 0; path = Pods_Segue3.framework; sourceTree = BUILT_PRODUCTS_DIR; };
		3F245306997F2042C90D654C /* Pods-Segue3.debug.xcconfig */ = {isa = PBXFileReference; includeInIndex = 1; lastKnownFileType = text.xcconfig; name = "Pods-Segue3.debug.xcconfig"; path = "Target Support Files/Pods-Segue3/Pods-Segue3.debug.xcconfig"; sourceTree = "<group>"; };
		DA53EA285532630882DD3FD7 /* Pods-Segue3.release.xcconfig */ = {isa = PBXFileReference; includeInIndex = 1; lastKnownFileType = text.xcconfig; name = "Pods-Segue3.release.xcconfig"; path = "Target Support Files/Pods-Segue3/Pods-Segue3.release.xcconfig"; sourceTree = "<group>"; };
		DD185BEB2732BDB3009ADE8F /* Segue3.app */ = {isa = PBXFileReference; explicitFileType = wrapper.application; includeInIndex = 0; path = Segue3.app; sourceTree = BUILT_PRODUCTS_DIR; };
		DD185BEE2732BDB3009ADE8F /* AppDelegate.swift */ = {isa = PBXFileReference; lastKnownFileType = sourcecode.swift; path = AppDelegate.swift; sourceTree = "<group>"; };
		DD185BF02732BDB3009ADE8F /* SceneDelegate.swift */ = {isa = PBXFileReference; lastKnownFileType = sourcecode.swift; path = SceneDelegate.swift; sourceTree = "<group>"; };
		DD185BF22732BDB3009ADE8F /* Screen1ViewController.swift */ = {isa = PBXFileReference; lastKnownFileType = sourcecode.swift; path = Screen1ViewController.swift; sourceTree = "<group>"; };
		DD185BF52732BDB3009ADE8F /* Base */ = {isa = PBXFileReference; lastKnownFileType = file.storyboard; name = Base; path = Base.lproj/Main.storyboard; sourceTree = "<group>"; };
		DD185BF72732BDB4009ADE8F /* Assets.xcassets */ = {isa = PBXFileReference; lastKnownFileType = folder.assetcatalog; path = Assets.xcassets; sourceTree = "<group>"; };
		DD185BFA2732BDB4009ADE8F /* Base */ = {isa = PBXFileReference; lastKnownFileType = file.storyboard; name = Base; path = Base.lproj/LaunchScreen.storyboard; sourceTree = "<group>"; };
		DD185BFC2732BDB4009ADE8F /* Info.plist */ = {isa = PBXFileReference; lastKnownFileType = text.plist.xml; path = Info.plist; sourceTree = "<group>"; };
		DD185C022732BEFB009ADE8F /* Screen2ViewController.swift */ = {isa = PBXFileReference; lastKnownFileType = sourcecode.swift; path = Screen2ViewController.swift; sourceTree = "<group>"; };
		DD185C042732C0DD009ADE8F /* MyNavigationController.swift */ = {isa = PBXFileReference; lastKnownFileType = sourcecode.swift; path = MyNavigationController.swift; sourceTree = "<group>"; };
		DF0894C927987DB80004E258 /* MenuViewController.swift */ = {isa = PBXFileReference; lastKnownFileType = sourcecode.swift; path = MenuViewController.swift; sourceTree = "<group>"; };
/* End PBXFileReference section */

/* Begin PBXFrameworksBuildPhase section */
		DD185BE82732BDB3009ADE8F /* Frameworks */ = {
			isa = PBXFrameworksBuildPhase;
			buildActionMask = 2147483647;
			files = (
				A3EBA7998B53E54B53560F9D /* Pods_Segue3.framework in Frameworks */,
			);
			runOnlyForDeploymentPostprocessing = 0;
		};
/* End PBXFrameworksBuildPhase section */

/* Begin PBXGroup section */
		A9DBC8E727CB31698598AD98 /* Pods */ = {
			isa = PBXGroup;
			children = (
				3F245306997F2042C90D654C /* Pods-Segue3.debug.xcconfig */,
				DA53EA285532630882DD3FD7 /* Pods-Segue3.release.xcconfig */,
			);
			path = Pods;
			sourceTree = "<group>";
		};
		D7C61BC6C73E490CC344DED3 /* Frameworks */ = {
			isa = PBXGroup;
			children = (
				18A58EF24CCFFC8F96C53EF4 /* Pods_Segue3.framework */,
			);
			name = Frameworks;
			sourceTree = "<group>";
		};
		DD185BE22732BDB3009ADE8F = {
			isa = PBXGroup;
			children = (
				DD185BED2732BDB3009ADE8F /* Segue3 */,
				DD185BEC2732BDB3009ADE8F /* Products */,
				A9DBC8E727CB31698598AD98 /* Pods */,
				D7C61BC6C73E490CC344DED3 /* Frameworks */,
			);
			sourceTree = "<group>";
		};
		DD185BEC2732BDB3009ADE8F /* Products */ = {
			isa = PBXGroup;
			children = (
				DD185BEB2732BDB3009ADE8F /* Segue3.app */,
			);
			name = Products;
			sourceTree = "<group>";
		};
		DD185BED2732BDB3009ADE8F /* Segue3 */ = {
			isa = PBXGroup;
			children = (
				DD185BEE2732BDB3009ADE8F /* AppDelegate.swift */,
				DD185BF02732BDB3009ADE8F /* SceneDelegate.swift */,
				DD185BF22732BDB3009ADE8F /* Screen1ViewController.swift */,
				DD185C022732BEFB009ADE8F /* Screen2ViewController.swift */,
				DD185C042732C0DD009ADE8F /* MyNavigationController.swift */,
				DF0894C927987DB80004E258 /* MenuViewController.swift */,
				DD185BF42732BDB3009ADE8F /* Main.storyboard */,
				DD185BF72732BDB4009ADE8F /* Assets.xcassets */,
				DD185BF92732BDB4009ADE8F /* LaunchScreen.storyboard */,
				DD185BFC2732BDB4009ADE8F /* Info.plist */,
			);
			path = Segue3;
			sourceTree = "<group>";
		};
/* End PBXGroup section */

/* Begin PBXNativeTarget section */
		DD185BEA2732BDB3009ADE8F /* Segue3 */ = {
			isa = PBXNativeTarget;
			buildConfigurationList = DD185BFF2732BDB4009ADE8F /* Build configuration list for PBXNativeTarget "Segue3" */;
			buildPhases = (
				A2DF2B9E594BCB49F0FC936B /* [CP] Check Pods Manifest.lock */,
				DD185BE72732BDB3009ADE8F /* Sources */,
				DD185BE82732BDB3009ADE8F /* Frameworks */,
				DD185BE92732BDB3009ADE8F /* Resources */,
				CDC448F1AD80FA7B4FB76B24 /* [CP] Embed Pods Frameworks */,
			);
			buildRules = (
			);
			dependencies = (
			);
			name = Segue3;
			productName = Segue3;
			productReference = DD185BEB2732BDB3009ADE8F /* Segue3.app */;
			productType = "com.apple.product-type.application";
		};
/* End PBXNativeTarget section */

/* Begin PBXProject section */
		DD185BE32732BDB3009ADE8F /* Project object */ = {
			isa = PBXProject;
			attributes = {
				BuildIndependentTargetsInParallel = 1;
				LastSwiftUpdateCheck = 1300;
				LastUpgradeCheck = 1300;
				TargetAttributes = {
					DD185BEA2732BDB3009ADE8F = {
						CreatedOnToolsVersion = 13.0;
					};
				};
			};
			buildConfigurationList = DD185BE62732BDB3009ADE8F /* Build configuration list for PBXProject "Segue3" */;
			compatibilityVersion = "Xcode 13.0";
			developmentRegion = en;
			hasScannedForEncodings = 0;
			knownRegions = (
				en,
				Base,
			);
			mainGroup = DD185BE22732BDB3009ADE8F;
			productRefGroup = DD185BEC2732BDB3009ADE8F /* Products */;
			projectDirPath = "";
			projectRoot = "";
			targets = (
				DD185BEA2732BDB3009ADE8F /* Segue3 */,
			);
		};
/* End PBXProject section */

/* Begin PBXResourcesBuildPhase section */
		DD185BE92732BDB3009ADE8F /* Resources */ = {
			isa = PBXResourcesBuildPhase;
			buildActionMask = 2147483647;
			files = (
				DD185BFB2732BDB4009ADE8F /* LaunchScreen.storyboard in Resources */,
				DD185BF82732BDB4009ADE8F /* Assets.xcassets in Resources */,
				DD185BF62732BDB3009ADE8F /* Main.storyboard in Resources */,
			);
			runOnlyForDeploymentPostprocessing = 0;
		};
/* End PBXResourcesBuildPhase section */

/* Begin PBXShellScriptBuildPhase section */
		A2DF2B9E594BCB49F0FC936B /* [CP] Check Pods Manifest.lock */ = {
			isa = PBXShellScriptBuildPhase;
			buildActionMask = 2147483647;
			files = (
			);
			inputFileListPaths = (
			);
			inputPaths = (
				"${PODS_PODFILE_DIR_PATH}/Podfile.lock",
				"${PODS_ROOT}/Manifest.lock",
			);
			name = "[CP] Check Pods Manifest.lock";
			outputFileListPaths = (
			);
			outputPaths = (
				"$(DERIVED_FILE_DIR)/Pods-Segue3-checkManifestLockResult.txt",
			);
			runOnlyForDeploymentPostprocessing = 0;
			shellPath = /bin/sh;
			shellScript = "diff \"${PODS_PODFILE_DIR_PATH}/Podfile.lock\" \"${PODS_ROOT}/Manifest.lock\" > /dev/null\nif [ $? != 0 ] ; then\n    # print error to STDERR\n    echo \"error: The sandbox is not in sync with the Podfile.lock. Run 'pod install' or update your CocoaPods installation.\" >&2\n    exit 1\nfi\n# This output is used by Xcode 'outputs' to avoid re-running this script phase.\necho \"SUCCESS\" > \"${SCRIPT_OUTPUT_FILE_0}\"\n";
			showEnvVarsInLog = 0;
		};
		CDC448F1AD80FA7B4FB76B24 /* [CP] Embed Pods Frameworks */ = {
			isa = PBXShellScriptBuildPhase;
			buildActionMask = 2147483647;
			files = (
			);
			inputFileListPaths = (
				"${PODS_ROOT}/Target Support Files/Pods-Segue3/Pods-Segue3-frameworks-${CONFIGURATION}-input-files.xcfilelist",
			);
			name = "[CP] Embed Pods Frameworks";
			outputFileListPaths = (
				"${PODS_ROOT}/Target Support Files/Pods-Segue3/Pods-Segue3-frameworks-${CONFIGURATION}-output-files.xcfilelist",
			);
			runOnlyForDeploymentPostprocessing = 0;
			shellPath = /bin/sh;
			shellScript = "\"${PODS_ROOT}/Target Support Files/Pods-Segue3/Pods-Segue3-frameworks.sh\"\n";
			showEnvVarsInLog = 0;
		};
/* End PBXShellScriptBuildPhase section */

/* Begin PBXSourcesBuildPhase section */
		DD185BE72732BDB3009ADE8F /* Sources */ = {
			isa = PBXSourcesBuildPhase;
			buildActionMask = 2147483647;
			files = (
				DD185BF32732BDB3009ADE8F /* Screen1ViewController.swift in Sources */,
				DF0894CA27987DB80004E258 /* MenuViewController.swift in Sources */,
				DD185BEF2732BDB3009ADE8F /* AppDelegate.swift in Sources */,
				DD185BF12732BDB3009ADE8F /* SceneDelegate.swift in Sources */,
				DD185C052732C0DD009ADE8F /* MyNavigationController.swift in Sources */,
				DD185C032732BEFB009ADE8F /* Screen2ViewController.swift in Sources */,
			);
			runOnlyForDeploymentPostprocessing = 0;
		};
/* End PBXSourcesBuildPhase section */

/* Begin PBXVariantGroup section */
		DD185BF42732BDB3009ADE8F /* Main.storyboard */ = {
			isa = PBXVariantGroup;
			children = (
				DD185BF52732BDB3009ADE8F /* Base */,
			);
			name = Main.storyboard;
			sourceTree = "<group>";
		};
		DD185BF92732BDB4009ADE8F /* LaunchScreen.storyboard */ = {
			isa = PBXVariantGroup;
			children = (
				DD185BFA2732BDB4009ADE8F /* Base */,
			);
			name = LaunchScreen.storyboard;
			sourceTree = "<group>";
		};
/* End PBXVariantGroup section */

/* Begin XCBuildConfiguration section */
		DD185BFD2732BDB4009ADE8F /* Debug */ = {
			isa = XCBuildConfiguration;
			buildSettings = {
				ALWAYS_SEARCH_USER_PATHS = NO;
				CLANG_ANALYZER_NONNULL = YES;
				CLANG_ANALYZER_NUMBER_OBJECT_CONVERSION = YES_AGGRESSIVE;
				CLANG_CXX_LANGUAGE_STANDARD = "gnu++17";
				CLANG_CXX_LIBRARY = "libc++";
				CLANG_ENABLE_MODULES = YES;
				CLANG_ENABLE_OBJC_ARC = YES;
				CLANG_ENABLE_OBJC_WEAK = YES;
				CLANG_WARN_BLOCK_CAPTURE_AUTORELEASING = YES;
				CLANG_WARN_BOOL_CONVERSION = YES;
				CLANG_WARN_COMMA = YES;
				CLANG_WARN_CONSTANT_CONVERSION = YES;
				CLANG_WARN_DEPRECATED_OBJC_IMPLEMENTATIONS = YES;
				CLANG_WARN_DIRECT_OBJC_ISA_USAGE = YES_ERROR;
				CLANG_WARN_DOCUMENTATION_COMMENTS = YES;
				CLANG_WARN_EMPTY_BODY = YES;
				CLANG_WARN_ENUM_CONVERSION = YES;
				CLANG_WARN_INFINITE_RECURSION = YES;
				CLANG_WARN_INT_CONVERSION = YES;
				CLANG_WARN_NON_LITERAL_NULL_CONVERSION = YES;
				CLANG_WARN_OBJC_IMPLICIT_RETAIN_SELF = YES;
				CLANG_WARN_OBJC_LITERAL_CONVERSION = YES;
				CLANG_WARN_OBJC_ROOT_CLASS = YES_ERROR;
				CLANG_WARN_QUOTED_INCLUDE_IN_FRAMEWORK_HEADER = YES;
				CLANG_WARN_RANGE_LOOP_ANALYSIS = YES;
				CLANG_WARN_STRICT_PROTOTYPES = YES;
				CLANG_WARN_SUSPICIOUS_MOVE = YES;
				CLANG_WARN_UNGUARDED_AVAILABILITY = YES_AGGRESSIVE;
				CLANG_WARN_UNREACHABLE_CODE = YES;
				CLANG_WARN__DUPLICATE_METHOD_MATCH = YES;
				COPY_PHASE_STRIP = NO;
				DEBUG_INFORMATION_FORMAT = dwarf;
				ENABLE_STRICT_OBJC_MSGSEND = YES;
				ENABLE_TESTABILITY = YES;
				GCC_C_LANGUAGE_STANDARD = gnu11;
				GCC_DYNAMIC_NO_PIC = NO;
				GCC_NO_COMMON_BLOCKS = YES;
				GCC_OPTIMIZATION_LEVEL = 0;
				GCC_PREPROCESSOR_DEFINITIONS = (
					"DEBUG=1",
					"$(inherited)",
				);
				GCC_WARN_64_TO_32_BIT_CONVERSION = YES;
				GCC_WARN_ABOUT_RETURN_TYPE = YES_ERROR;
				GCC_WARN_UNDECLARED_SELECTOR = YES;
				GCC_WARN_UNINITIALIZED_AUTOS = YES_AGGRESSIVE;
				GCC_WARN_UNUSED_FUNCTION = YES;
				GCC_WARN_UNUSED_VARIABLE = YES;
				IPHONEOS_DEPLOYMENT_TARGET = 15.0;
				MTL_ENABLE_DEBUG_INFO = INCLUDE_SOURCE;
				MTL_FAST_MATH = YES;
				ONLY_ACTIVE_ARCH = YES;
				SDKROOT = iphoneos;
				SWIFT_ACTIVE_COMPILATION_CONDITIONS = DEBUG;
				SWIFT_OPTIMIZATION_LEVEL = "-Onone";
			};
			name = Debug;
		};
		DD185BFE2732BDB4009ADE8F /* Release */ = {
			isa = XCBuildConfiguration;
			buildSettings = {
				ALWAYS_SEARCH_USER_PATHS = NO;
				CLANG_ANALYZER_NONNULL = YES;
				CLANG_ANALYZER_NUMBER_OBJECT_CONVERSION = YES_AGGRESSIVE;
				CLANG_CXX_LANGUAGE_STANDARD = "gnu++17";
				CLANG_CXX_LIBRARY = "libc++";
				CLANG_ENABLE_MODULES = YES;
				CLANG_ENABLE_OBJC_ARC = YES;
				CLANG_ENABLE_OBJC_WEAK = YES;
				CLANG_WARN_BLOCK_CAPTURE_AUTORELEASING = YES;
				CLANG_WARN_BOOL_CONVERSION = YES;
				CLANG_WARN_COMMA = YES;
				CLANG_WARN_CONSTANT_CONVERSION = YES;
				CLANG_WARN_DEPRECATED_OBJC_IMPLEMENTATIONS = YES;
				CLANG_WARN_DIRECT_OBJC_ISA_USAGE = YES_ERROR;
				CLANG_WARN_DOCUMENTATION_COMMENTS = YES;
				CLANG_WARN_EMPTY_BODY = YES;
				CLANG_WARN_ENUM_CONVERSION = YES;
				CLANG_WARN_INFINITE_RECURSION = YES;
				CLANG_WARN_INT_CONVERSION = YES;
				CLANG_WARN_NON_LITERAL_NULL_CONVERSION = YES;
				CLANG_WARN_OBJC_IMPLICIT_RETAIN_SELF = YES;
				CLANG_WARN_OBJC_LITERAL_CONVERSION = YES;
				CLANG_WARN_OBJC_ROOT_CLASS = YES_ERROR;
				CLANG_WARN_QUOTED_INCLUDE_IN_FRAMEWORK_HEADER = YES;
				CLANG_WARN_RANGE_LOOP_ANALYSIS = YES;
				CLANG_WARN_STRICT_PROTOTYPES = YES;
				CLANG_WARN_SUSPICIOUS_MOVE = YES;
				CLANG_WARN_UNGUARDED_AVAILABILITY = YES_AGGRESSIVE;
				CLANG_WARN_UNREACHABLE_CODE = YES;
				CLANG_WARN__DUPLICATE_METHOD_MATCH = YES;
				COPY_PHASE_STRIP = NO;
				DEBUG_INFORMATION_FORMAT = "dwarf-with-dsym";
				ENABLE_NS_ASSERTIONS = NO;
				ENABLE_STRICT_OBJC_MSGSEND = YES;
				GCC_C_LANGUAGE_STANDARD = gnu11;
				GCC_NO_COMMON_BLOCKS = YES;
				GCC_WARN_64_TO_32_BIT_CONVERSION = YES;
				GCC_WARN_ABOUT_RETURN_TYPE = YES_ERROR;
				GCC_WARN_UNDECLARED_SELECTOR = YES;
				GCC_WARN_UNINITIALIZED_AUTOS = YES_AGGRESSIVE;
				GCC_WARN_UNUSED_FUNCTION = YES;
				GCC_WARN_UNUSED_VARIABLE = YES;
				IPHONEOS_DEPLOYMENT_TARGET = 15.0;
				MTL_ENABLE_DEBUG_INFO = NO;
				MTL_FAST_MATH = YES;
				SDKROOT = iphoneos;
				SWIFT_COMPILATION_MODE = wholemodule;
				SWIFT_OPTIMIZATION_LEVEL = "-O";
				VALIDATE_PRODUCT = YES;
			};
			name = Release;
		};
		DD185C002732BDB4009ADE8F /* Debug */ = {
			isa = XCBuildConfiguration;
			baseConfigurationReference = 3F245306997F2042C90D654C /* Pods-Segue3.debug.xcconfig */;
			buildSettings = {
				ASSETCATALOG_COMPILER_APPICON_NAME = AppIcon;
				ASSETCATALOG_COMPILER_GLOBAL_ACCENT_COLOR_NAME = AccentColor;
				CODE_SIGN_STYLE = Automatic;
				CURRENT_PROJECT_VERSION = 1;
				GENERATE_INFOPLIST_FILE = YES;
				INFOPLIST_FILE = Segue3/Info.plist;
				INFOPLIST_KEY_UIApplicationSupportsIndirectInputEvents = YES;
				INFOPLIST_KEY_UILaunchStoryboardName = LaunchScreen;
				INFOPLIST_KEY_UIMainStoryboardFile = Main;
				INFOPLIST_KEY_UISupportedInterfaceOrientations_iPad = "UIInterfaceOrientationPortrait UIInterfaceOrientationPortraitUpsideDown UIInterfaceOrientationLandscapeLeft UIInterfaceOrientationLandscapeRight";
				INFOPLIST_KEY_UISupportedInterfaceOrientations_iPhone = "UIInterfaceOrientationPortrait UIInterfaceOrientationLandscapeLeft UIInterfaceOrientationLandscapeRight";
				LD_RUNPATH_SEARCH_PATHS = (
					"$(inherited)",
					"@executable_path/Frameworks",
				);
				MARKETING_VERSION = 1.0;
				PRODUCT_BUNDLE_IDENTIFIER = pl.edu.uj.ii.telega.Segue3;
				PRODUCT_NAME = "$(TARGET_NAME)";
				SWIFT_EMIT_LOC_STRINGS = YES;
				SWIFT_VERSION = 5.0;
				TARGETED_DEVICE_FAMILY = "1,2";
			};
			name = Debug;
		};
		DD185C012732BDB4009ADE8F /* Release */ = {
			isa = XCBuildConfiguration;
			baseConfigurationReference = DA53EA285532630882DD3FD7 /* Pods-Segue3.release.xcconfig */;
			buildSettings = {
				ASSETCATALOG_COMPILER_APPICON_NAME = AppIcon;
				ASSETCATALOG_COMPILER_GLOBAL_ACCENT_COLOR_NAME = AccentColor;
				CODE_SIGN_STYLE = Automatic;
				CURRENT_PROJECT_VERSION = 1;
				GENERATE_INFOPLIST_FILE = YES;
				INFOPLIST_FILE = Segue3/Info.plist;
				INFOPLIST_KEY_UIApplicationSupportsIndirectInputEvents = YES;
				INFOPLIST_KEY_UILaunchStoryboardName = LaunchScreen;
				INFOPLIST_KEY_UIMainStoryboardFile = Main;
				INFOPLIST_KEY_UISupportedInterfaceOrientations_iPad = "UIInterfaceOrientationPortrait UIInterfaceOrientationPortraitUpsideDown UIInterfaceOrientationLandscapeLeft UIInterfaceOrientationLandscapeRight";
				INFOPLIST_KEY_UISupportedInterfaceOrientations_iPhone = "UIInterfaceOrientationPortrait UIInterfaceOrientationLandscapeLeft UIInterfaceOrientationLandscapeRight";
				LD_RUNPATH_SEARCH_PATHS = (
					"$(inherited)",
					"@executable_path/Frameworks",
				);
				MARKETING_VERSION = 1.0;
				PRODUCT_BUNDLE_IDENTIFIER = pl.edu.uj.ii.telega.Segue3;
				PRODUCT_NAME = "$(TARGET_NAME)";
				SWIFT_EMIT_LOC_STRINGS = YES;
				SWIFT_VERSION = 5.0;
				TARGETED_DEVICE_FAMILY = "1,2";
			};
			name = Release;
		};
/* End XCBuildConfiguration section */

/* Begin XCConfigurationList section */
		DD185BE62732BDB3009ADE8F /* Build configuration list for PBXProject "Segue3" */ = {
			isa = XCConfigurationList;
			buildConfigurations = (
				DD185BFD2732BDB4009ADE8F /* Debug */,
				DD185BFE2732BDB4009ADE8F /* Release */,
			);
			defaultConfigurationIsVisible = 0;
			defaultConfigurationName = Release;
		};
		DD185BFF2732BDB4009ADE8F /* Build configuration list for PBXNativeTarget "Segue3" */ = {
			isa = XCConfigurationList;
			buildConfigurations = (
				DD185C002732BDB4009ADE8F /* Debug */,
				DD185C012732BDB4009ADE8F /* Release */,
			);
			defaultConfigurationIsVisible = 0;
			defaultConfigurationName = Release;
		};
/* End XCConfigurationList section */
	};
	rootObject = DD185BE32732BDB3009ADE8F /* Project object */;
}
